// !$*UTF8*$!
{
	archiveVersion = 1;
	classes = {
	};
	objectVersion = 46;
	objects = {

/* Begin PBXBuildFile section */
		3C3170761B23362000287764 /* PLChatTableViewMeCell.xib in Resources */ = {isa = PBXBuildFile; fileRef = 3C3170751B23362000287764 /* PLChatTableViewMeCell.xib */; };
		3CDF7ED31B21E1F30058F01F /* main.m in Sources */ = {isa = PBXBuildFile; fileRef = 3CDF7ED21B21E1F30058F01F /* main.m */; };
		3CDF7ED61B21E1F30058F01F /* AppDelegate.m in Sources */ = {isa = PBXBuildFile; fileRef = 3CDF7ED51B21E1F30058F01F /* AppDelegate.m */; };
		3CDF7ED91B21E1F30058F01F /* ViewController.m in Sources */ = {isa = PBXBuildFile; fileRef = 3CDF7ED81B21E1F30058F01F /* ViewController.m */; };
		3CDF7EDC1B21E1F30058F01F /* Main.storyboard in Resources */ = {isa = PBXBuildFile; fileRef = 3CDF7EDA1B21E1F30058F01F /* Main.storyboard */; };
		3CDF7EDE1B21E1F30058F01F /* Images.xcassets in Resources */ = {isa = PBXBuildFile; fileRef = 3CDF7EDD1B21E1F30058F01F /* Images.xcassets */; };
		3CDF7EE11B21E1F30058F01F /* LaunchScreen.xib in Resources */ = {isa = PBXBuildFile; fileRef = 3CDF7EDF1B21E1F30058F01F /* LaunchScreen.xib */; };
		3CDF7EED1B21E1F30058F01F /* PLChatViewControllerTests.m in Sources */ = {isa = PBXBuildFile; fileRef = 3CDF7EEC1B21E1F30058F01F /* PLChatViewControllerTests.m */; };
		3CDF7EF71B21E2320058F01F /* PLChatTableViewYouCell.xib in Resources */ = {isa = PBXBuildFile; fileRef = 3CDF7EF61B21E2320058F01F /* PLChatTableViewYouCell.xib */; };
		3CDF7EFA1B21E3660058F01F /* PLChatMessageTableViewCell.m in Sources */ = {isa = PBXBuildFile; fileRef = 3CDF7EF91B21E3660058F01F /* PLChatMessageTableViewCell.m */; };
		3CDF7EFD1B21E3CC0058F01F /* 01.jpg in Resources */ = {isa = PBXBuildFile; fileRef = 3CDF7EFC1B21E3CC0058F01F /* 01.jpg */; };
		3CDF7EFF1B21E3D20058F01F /* 02.jpg in Resources */ = {isa = PBXBuildFile; fileRef = 3CDF7EFE1B21E3D20058F01F /* 02.jpg */; };
		3CDF7F021B21E5D20058F01F /* bubblebox_me.png in Resources */ = {isa = PBXBuildFile; fileRef = 3CDF7F001B21E5D20058F01F /* bubblebox_me.png */; };
		3CDF7F031B21E5D20058F01F /* bubblebox_you.png in Resources */ = {isa = PBXBuildFile; fileRef = 3CDF7F011B21E5D20058F01F /* bubblebox_you.png */; };
/* End PBXBuildFile section */

/* Begin PBXContainerItemProxy section */
		3CDF7EE71B21E1F30058F01F /* PBXContainerItemProxy */ = {
			isa = PBXContainerItemProxy;
			containerPortal = 3CDF7EC51B21E1F20058F01F /* Project object */;
			proxyType = 1;
			remoteGlobalIDString = 3CDF7ECC1B21E1F20058F01F;
			remoteInfo = PLChatViewController;
		};
/* End PBXContainerItemProxy section */

/* Begin PBXFileReference section */
		3C3170751B23362000287764 /* PLChatTableViewMeCell.xib */ = {isa = PBXFileReference; fileEncoding = 4; lastKnownFileType = file.xib; path = PLChatTableViewMeCell.xib; sourceTree = "<group>"; };
		3CDF7ECD1B21E1F30058F01F /* PLChatViewController.app */ = {isa = PBXFileReference; explicitFileType = wrapper.application; includeInIndex = 0; path = PLChatViewController.app; sourceTree = BUILT_PRODUCTS_DIR; };
		3CDF7ED11B21E1F30058F01F /* Info.plist */ = {isa = PBXFileReference; lastKnownFileType = text.plist.xml; path = Info.plist; sourceTree = "<group>"; };
		3CDF7ED21B21E1F30058F01F /* main.m */ = {isa = PBXFileReference; lastKnownFileType = sourcecode.c.objc; path = main.m; sourceTree = "<group>"; };
		3CDF7ED41B21E1F30058F01F /* AppDelegate.h */ = {isa = PBXFileReference; lastKnownFileType = sourcecode.c.h; path = AppDelegate.h; sourceTree = "<group>"; };
		3CDF7ED51B21E1F30058F01F /* AppDelegate.m */ = {isa = PBXFileReference; lastKnownFileType = sourcecode.c.objc; path = AppDelegate.m; sourceTree = "<group>"; };
		3CDF7ED71B21E1F30058F01F /* ViewController.h */ = {isa = PBXFileReference; lastKnownFileType = sourcecode.c.h; path = ViewController.h; sourceTree = "<group>"; };
		3CDF7ED81B21E1F30058F01F /* ViewController.m */ = {isa = PBXFileReference; lastKnownFileType = sourcecode.c.objc; path = ViewController.m; sourceTree = "<group>"; };
		3CDF7EDB1B21E1F30058F01F /* Base */ = {isa = PBXFileReference; lastKnownFileType = file.storyboard; name = Base; path = Base.lproj/Main.storyboard; sourceTree = "<group>"; };
		3CDF7EDD1B21E1F30058F01F /* Images.xcassets */ = {isa = PBXFileReference; lastKnownFileType = folder.assetcatalog; path = Images.xcassets; sourceTree = "<group>"; };
		3CDF7EE01B21E1F30058F01F /* Base */ = {isa = PBXFileReference; lastKnownFileType = file.xib; name = Base; path = Base.lproj/LaunchScreen.xib; sourceTree = "<group>"; };
		3CDF7EE61B21E1F30058F01F /* PLChatViewControllerTests.xctest */ = {isa = PBXFileReference; explicitFileType = wrapper.cfbundle; includeInIndex = 0; path = PLChatViewControllerTests.xctest; sourceTree = BUILT_PRODUCTS_DIR; };
		3CDF7EEB1B21E1F30058F01F /* Info.plist */ = {isa = PBXFileReference; lastKnownFileType = text.plist.xml; path = Info.plist; sourceTree = "<group>"; };
		3CDF7EEC1B21E1F30058F01F /* PLChatViewControllerTests.m */ = {isa = PBXFileReference; lastKnownFileType = sourcecode.c.objc; path = PLChatViewControllerTests.m; sourceTree = "<group>"; };
		3CDF7EF61B21E2320058F01F /* PLChatTableViewYouCell.xib */ = {isa = PBXFileReference; fileEncoding = 4; lastKnownFileType = file.xib; path = PLChatTableViewYouCell.xib; sourceTree = "<group>"; };
		3CDF7EF81B21E3660058F01F /* PLChatMessageTableViewCell.h */ = {isa = PBXFileReference; fileEncoding = 4; lastKnownFileType = sourcecode.c.h; path = PLChatMessageTableViewCell.h; sourceTree = "<group>"; };
		3CDF7EF91B21E3660058F01F /* PLChatMessageTableViewCell.m */ = {isa = PBXFileReference; fileEncoding = 4; lastKnownFileType = sourcecode.c.objc; path = PLChatMessageTableViewCell.m; sourceTree = "<group>"; };
		3CDF7EFC1B21E3CC0058F01F /* 01.jpg */ = {isa = PBXFileReference; lastKnownFileType = image.jpeg; path = 01.jpg; sourceTree = "<group>"; };
		3CDF7EFE1B21E3D20058F01F /* 02.jpg */ = {isa = PBXFileReference; lastKnownFileType = image.jpeg; path = 02.jpg; sourceTree = "<group>"; };
		3CDF7F001B21E5D20058F01F /* bubblebox_me.png */ = {isa = PBXFileReference; lastKnownFileType = image.png; name = bubblebox_me.png; path = Resource/bubblebox_me.png; sourceTree = "<group>"; };
		3CDF7F011B21E5D20058F01F /* bubblebox_you.png */ = {isa = PBXFileReference; lastKnownFileType = image.png; name = bubblebox_you.png; path = Resource/bubblebox_you.png; sourceTree = "<group>"; };
/* End PBXFileReference section */

/* Begin PBXFrameworksBuildPhase section */
		3CDF7ECA1B21E1F20058F01F /* Frameworks */ = {
			isa = PBXFrameworksBuildPhase;
			buildActionMask = 2147483647;
			files = (
			);
			runOnlyForDeploymentPostprocessing = 0;
		};
		3CDF7EE31B21E1F30058F01F /* Frameworks */ = {
			isa = PBXFrameworksBuildPhase;
			buildActionMask = 2147483647;
			files = (
			);
			runOnlyForDeploymentPostprocessing = 0;
		};
/* End PBXFrameworksBuildPhase section */

/* Begin PBXGroup section */
		3CDF7EC41B21E1F20058F01F = {
			isa = PBXGroup;
			children = (
				3CDF7ECF1B21E1F30058F01F /* PLChatViewController */,
				3CDF7EE91B21E1F30058F01F /* PLChatViewControllerTests */,
				3CDF7ECE1B21E1F30058F01F /* Products */,
			);
			sourceTree = "<group>";
		};
		3CDF7ECE1B21E1F30058F01F /* Products */ = {
			isa = PBXGroup;
			children = (
				3CDF7ECD1B21E1F30058F01F /* PLChatViewController.app */,
				3CDF7EE61B21E1F30058F01F /* PLChatViewControllerTests.xctest */,
			);
			name = Products;
			sourceTree = "<group>";
		};
		3CDF7ECF1B21E1F30058F01F /* PLChatViewController */ = {
			isa = PBXGroup;
			children = (
				3CDF7EFB1B21E3BC0058F01F /* Resource */,
				3CDF7ED41B21E1F30058F01F /* AppDelegate.h */,
				3CDF7ED51B21E1F30058F01F /* AppDelegate.m */,
				3CDF7ED71B21E1F30058F01F /* ViewController.h */,
				3CDF7ED81B21E1F30058F01F /* ViewController.m */,
				3CDF7EDA1B21E1F30058F01F /* Main.storyboard */,
				3CDF7EDD1B21E1F30058F01F /* Images.xcassets */,
				3CDF7EDF1B21E1F30058F01F /* LaunchScreen.xib */,
				3CDF7ED01B21E1F30058F01F /* Supporting Files */,
				3CDF7EF61B21E2320058F01F /* PLChatTableViewYouCell.xib */,
				3CDF7EF81B21E3660058F01F /* PLChatMessageTableViewCell.h */,
				3CDF7EF91B21E3660058F01F /* PLChatMessageTableViewCell.m */,
				3C3170751B23362000287764 /* PLChatTableViewMeCell.xib */,
			);
			path = PLChatViewController;
			sourceTree = "<group>";
		};
		3CDF7ED01B21E1F30058F01F /* Supporting Files */ = {
			isa = PBXGroup;
			children = (
				3CDF7ED11B21E1F30058F01F /* Info.plist */,
				3CDF7ED21B21E1F30058F01F /* main.m */,
			);
			name = "Supporting Files";
			sourceTree = "<group>";
		};
		3CDF7EE91B21E1F30058F01F /* PLChatViewControllerTests */ = {
			isa = PBXGroup;
			children = (
				3CDF7EEC1B21E1F30058F01F /* PLChatViewControllerTests.m */,
				3CDF7EEA1B21E1F30058F01F /* Supporting Files */,
			);
			path = PLChatViewControllerTests;
			sourceTree = "<group>";
		};
		3CDF7EEA1B21E1F30058F01F /* Supporting Files */ = {
			isa = PBXGroup;
			children = (
				3CDF7EEB1B21E1F30058F01F /* Info.plist */,
			);
			name = "Supporting Files";
			sourceTree = "<group>";
		};
		3CDF7EFB1B21E3BC0058F01F /* Resource */ = {
			isa = PBXGroup;
			children = (
				3CDF7F001B21E5D20058F01F /* bubblebox_me.png */,
				3CDF7F011B21E5D20058F01F /* bubblebox_you.png */,
				3CDF7EFE1B21E3D20058F01F /* 02.jpg */,
				3CDF7EFC1B21E3CC0058F01F /* 01.jpg */,
			);
			name = Resource;
			sourceTree = "<group>";
		};
/* End PBXGroup section */

/* Begin PBXNativeTarget section */
		3CDF7ECC1B21E1F20058F01F /* PLChatViewController */ = {
			isa = PBXNativeTarget;
			buildConfigurationList = 3CDF7EF01B21E1F30058F01F /* Build configuration list for PBXNativeTarget "PLChatViewController" */;
			buildPhases = (
				3CDF7EC91B21E1F20058F01F /* Sources */,
				3CDF7ECA1B21E1F20058F01F /* Frameworks */,
				3CDF7ECB1B21E1F20058F01F /* Resources */,
			);
			buildRules = (
			);
			dependencies = (
			);
			name = PLChatViewController;
			productName = PLChatViewController;
			productReference = 3CDF7ECD1B21E1F30058F01F /* PLChatViewController.app */;
			productType = "com.apple.product-type.application";
		};
		3CDF7EE51B21E1F30058F01F /* PLChatViewControllerTests */ = {
			isa = PBXNativeTarget;
			buildConfigurationList = 3CDF7EF31B21E1F30058F01F /* Build configuration list for PBXNativeTarget "PLChatViewControllerTests" */;
			buildPhases = (
				3CDF7EE21B21E1F30058F01F /* Sources */,
				3CDF7EE31B21E1F30058F01F /* Frameworks */,
				3CDF7EE41B21E1F30058F01F /* Resources */,
			);
			buildRules = (
			);
			dependencies = (
				3CDF7EE81B21E1F30058F01F /* PBXTargetDependency */,
			);
			name = PLChatViewControllerTests;
			productName = PLChatViewControllerTests;
			productReference = 3CDF7EE61B21E1F30058F01F /* PLChatViewControllerTests.xctest */;
			productType = "com.apple.product-type.bundle.unit-test";
		};
/* End PBXNativeTarget section */

/* Begin PBXProject section */
		3CDF7EC51B21E1F20058F01F /* Project object */ = {
			isa = PBXProject;
			attributes = {
				LastUpgradeCheck = 0630;
				ORGANIZATIONNAME = jin;
				TargetAttributes = {
					3CDF7ECC1B21E1F20058F01F = {
						CreatedOnToolsVersion = 6.3.2;
					};
					3CDF7EE51B21E1F30058F01F = {
						CreatedOnToolsVersion = 6.3.2;
						TestTargetID = 3CDF7ECC1B21E1F20058F01F;
					};
				};
			};
			buildConfigurationList = 3CDF7EC81B21E1F20058F01F /* Build configuration list for PBXProject "PLChatViewController" */;
			compatibilityVersion = "Xcode 3.2";
			developmentRegion = English;
			hasScannedForEncodings = 0;
			knownRegions = (
				en,
				Base,
			);
			mainGroup = 3CDF7EC41B21E1F20058F01F;
			productRefGroup = 3CDF7ECE1B21E1F30058F01F /* Products */;
			projectDirPath = "";
			projectRoot = "";
			targets = (
				3CDF7ECC1B21E1F20058F01F /* PLChatViewController */,
				3CDF7EE51B21E1F30058F01F /* PLChatViewControllerTests */,
			);
		};
/* End PBXProject section */

/* Begin PBXResourcesBuildPhase section */
		3CDF7ECB1B21E1F20058F01F /* Resources */ = {
			isa = PBXResourcesBuildPhase;
			buildActionMask = 2147483647;
			files = (
				3CDF7EFD1B21E3CC0058F01F /* 01.jpg in Resources */,
				3C3170761B23362000287764 /* PLChatTableViewMeCell.xib in Resources */,
				3CDF7F021B21E5D20058F01F /* bubblebox_me.png in Resources */,
				3CDF7EFF1B21E3D20058F01F /* 02.jpg in Resources */,
				3CDF7EDC1B21E1F30058F01F /* Main.storyboard in Resources */,
				3CDF7EF71B21E2320058F01F /* PLChatTableViewYouCell.xib in Resources */,
				3CDF7F031B21E5D20058F01F /* bubblebox_you.png in Resources */,
				3CDF7EE11B21E1F30058F01F /* LaunchScreen.xib in Resources */,
				3CDF7EDE1B21E1F30058F01F /* Images.xcassets in Resources */,
			);
			runOnlyForDeploymentPostprocessing = 0;
		};
		3CDF7EE41B21E1F30058F01F /* Resources */ = {
			isa = PBXResourcesBuildPhase;
			buildActionMask = 2147483647;
			files = (
			);
			runOnlyForDeploymentPostprocessing = 0;
		};
/* End PBXResourcesBuildPhase section */

/* Begin PBXSourcesBuildPhase section */
		3CDF7EC91B21E1F20058F01F /* Sources */ = {
			isa = PBXSourcesBuildPhase;
			buildActionMask = 2147483647;
			files = (
				3CDF7ED91B21E1F30058F01F /* ViewController.m in Sources */,
				3CDF7EFA1B21E3660058F01F /* PLChatMessageTableViewCell.m in Sources */,
				3CDF7ED61B21E1F30058F01F /* AppDelegate.m in Sources */,
				3CDF7ED31B21E1F30058F01F /* main.m in Sources */,
			);
			runOnlyForDeploymentPostprocessing = 0;
		};
		3CDF7EE21B21E1F30058F01F /* Sources */ = {
			isa = PBXSourcesBuildPhase;
			buildActionMask = 2147483647;
			files = (
				3CDF7EED1B21E1F30058F01F /* PLChatViewControllerTests.m in Sources */,
			);
			runOnlyForDeploymentPostprocessing = 0;
		};
/* End PBXSourcesBuildPhase section */

/* Begin PBXTargetDependency section */
		3CDF7EE81B21E1F30058F01F /* PBXTargetDependency */ = {
			isa = PBXTargetDependency;
			target = 3CDF7ECC1B21E1F20058F01F /* PLChatViewController */;
			targetProxy = 3CDF7EE71B21E1F30058F01F /* PBXContainerItemProxy */;
		};
/* End PBXTargetDependency section */

/* Begin PBXVariantGroup section */
		3CDF7EDA1B21E1F30058F01F /* Main.storyboard */ = {
			isa = PBXVariantGroup;
			children = (
				3CDF7EDB1B21E1F30058F01F /* Base */,
			);
			name = Main.storyboard;
			sourceTree = "<group>";
		};
		3CDF7EDF1B21E1F30058F01F /* LaunchScreen.xib */ = {
			isa = PBXVariantGroup;
			children = (
				3CDF7EE01B21E1F30058F01F /* Base */,
			);
			name = LaunchScreen.xib;
			sourceTree = "<group>";
		};
/* End PBXVariantGroup section */

/* Begin XCBuildConfiguration section */
		3CDF7EEE1B21E1F30058F01F /* Debug */ = {
			isa = XCBuildConfiguration;
			buildSettings = {
				ALWAYS_SEARCH_USER_PATHS = NO;
				CLANG_CXX_LANGUAGE_STANDARD = "gnu++0x";
				CLANG_CXX_LIBRARY = "libc++";
				CLANG_ENABLE_MODULES = YES;
				CLANG_ENABLE_OBJC_ARC = YES;
				CLANG_WARN_BOOL_CONVERSION = YES;
				CLANG_WARN_CONSTANT_CONVERSION = YES;
				CLANG_WARN_DIRECT_OBJC_ISA_USAGE = YES_ERROR;
				CLANG_WARN_EMPTY_BODY = YES;
				CLANG_WARN_ENUM_CONVERSION = YES;
				CLANG_WARN_INT_CONVERSION = YES;
				CLANG_WARN_OBJC_ROOT_CLASS = YES_ERROR;
				CLANG_WARN_UNREACHABLE_CODE = YES;
				CLANG_WARN__DUPLICATE_METHOD_MATCH = YES;
				"CODE_SIGN_IDENTITY[sdk=iphoneos*]" = "iPhone Developer";
				COPY_PHASE_STRIP = NO;
				DEBUG_INFORMATION_FORMAT = "dwarf-with-dsym";
				ENABLE_STRICT_OBJC_MSGSEND = YES;
				GCC_C_LANGUAGE_STANDARD = gnu99;
				GCC_DYNAMIC_NO_PIC = NO;
				GCC_NO_COMMON_BLOCKS = YES;
				GCC_OPTIMIZATION_LEVEL = 0;
				GCC_PREPROCESSOR_DEFINITIONS = (
					"DEBUG=1",
					"$(inherited)",
				);
				GCC_SYMBOLS_PRIVATE_EXTERN = NO;
				GCC_WARN_64_TO_32_BIT_CONVERSION = YES;
				GCC_WARN_ABOUT_RETURN_TYPE = YES_ERROR;
				GCC_WARN_UNDECLARED_SELECTOR = YES;
				GCC_WARN_UNINITIALIZED_AUTOS = YES_AGGRESSIVE;
				GCC_WARN_UNUSED_FUNCTION = YES;
				GCC_WARN_UNUSED_VARIABLE = YES;
				IPHONEOS_DEPLOYMENT_TARGET = 8.3;
				MTL_ENABLE_DEBUG_INFO = YES;
				ONLY_ACTIVE_ARCH = YES;
				SDKROOT = iphoneos;
			};
			name = Debug;
		};
		3CDF7EEF1B21E1F30058F01F /* Release */ = {
			isa = XCBuildConfiguration;
			buildSettings = {
				ALWAYS_SEARCH_USER_PATHS = NO;
				CLANG_CXX_LANGUAGE_STANDARD = "gnu++0x";
				CLANG_CXX_LIBRARY = "libc++";
				CLANG_ENABLE_MODULES = YES;
				CLANG_ENABLE_OBJC_ARC = YES;
				CLANG_WARN_BOOL_CONVERSION = YES;
				CLANG_WARN_CONSTANT_CONVERSION = YES;
				CLANG_WARN_DIRECT_OBJC_ISA_USAGE = YES_ERROR;
				CLANG_WARN_EMPTY_BODY = YES;
				CLANG_WARN_ENUM_CONVERSION = YES;
				CLANG_WARN_INT_CONVERSION = YES;
				CLANG_WARN_OBJC_ROOT_CLASS = YES_ERROR;
				CLANG_WARN_UNREACHABLE_CODE = YES;
				CLANG_WARN__DUPLICATE_METHOD_MATCH = YES;
				"CODE_SIGN_IDENTITY[sdk=iphoneos*]" = "iPhone Developer";
				COPY_PHASE_STRIP = NO;
				DEBUG_INFORMATION_FORMAT = "dwarf-with-dsym";
				ENABLE_NS_ASSERTIONS = NO;
				ENABLE_STRICT_OBJC_MSGSEND = YES;
				GCC_C_LANGUAGE_STANDARD = gnu99;
				GCC_NO_COMMON_BLOCKS = YES;
				GCC_WARN_64_TO_32_BIT_CONVERSION = YES;
				GCC_WARN_ABOUT_RETURN_TYPE = YES_ERROR;
				GCC_WARN_UNDECLARED_SELECTOR = YES;
				GCC_WARN_UNINITIALIZED_AUTOS = YES_AGGRESSIVE;
				GCC_WARN_UNUSED_FUNCTION = YES;
				GCC_WARN_UNUSED_VARIABLE = YES;
				IPHONEOS_DEPLOYMENT_TARGET = 8.3;
				MTL_ENABLE_DEBUG_INFO = NO;
				SDKROOT = iphoneos;
				VALIDATE_PRODUCT = YES;
			};
			name = Release;
		};
		3CDF7EF11B21E1F30058F01F /* Debug */ = {
			isa = XCBuildConfiguration;
			buildSettings = {
				ASSETCATALOG_COMPILER_APPICON_NAME = AppIcon;
				INFOPLIST_FILE = PLChatViewController/Info.plist;
				LD_RUNPATH_SEARCH_PATHS = "$(inherited) @executable_path/Frameworks";
				PRODUCT_NAME = "$(TARGET_NAME)";
			};
			name = Debug;
		};
		3CDF7EF21B21E1F30058F01F /* Release */ = {
			isa = XCBuildConfiguration;
			buildSettings = {
				ASSETCATALOG_COMPILER_APPICON_NAME = AppIcon;
				INFOPLIST_FILE = PLChatViewController/Info.plist;
				LD_RUNPATH_SEARCH_PATHS = "$(inherited) @executable_path/Frameworks";
				PRODUCT_NAME = "$(TARGET_NAME)";
			};
			name = Release;
		};
		3CDF7EF41B21E1F30058F01F /* Debug */ = {
			isa = XCBuildConfiguration;
			buildSettings = {
				BUNDLE_LOADER = "$(TEST_HOST)";
				FRAMEWORK_SEARCH_PATHS = (
					"$(SDKROOT)/Developer/Library/Frameworks",
					"$(inherited)",
				);
				GCC_PREPROCESSOR_DEFINITIONS = (
					"DEBUG=1",
					"$(inherited)",
				);
				INFOPLIST_FILE = PLChatViewControllerTests/Info.plist;
				LD_RUNPATH_SEARCH_PATHS = "$(inherited) @executable_path/Frameworks @loader_path/Frameworks";
				PRODUCT_NAME = "$(TARGET_NAME)";
				TEST_HOST = "$(BUILT_PRODUCTS_DIR)/PLChatViewController.app/PLChatViewController";
			};
			name = Debug;
		};
		3CDF7EF51B21E1F30058F01F /* Release */ = {
			isa = XCBuildConfiguration;
			buildSettings = {
				BUNDLE_LOADER = "$(TEST_HOST)";
				FRAMEWORK_SEARCH_PATHS = (
					"$(SDKROOT)/Developer/Library/Frameworks",
					"$(inherited)",
				);
				INFOPLIST_FILE = PLChatViewControllerTests/Info.plist;
				LD_RUNPATH_SEARCH_PATHS = "$(inherited) @executable_path/Frameworks @loader_path/Frameworks";
				PRODUCT_NAME = "$(TARGET_NAME)";
				TEST_HOST = "$(BUILT_PRODUCTS_DIR)/PLChatViewController.app/PLChatViewController";
			};
			name = Release;
		};
/* End XCBuildConfiguration section */

/* Begin XCConfigurationList section */
		3CDF7EC81B21E1F20058F01F /* Build configuration list for PBXProject "PLChatViewController" */ = {
			isa = XCConfigurationList;
			buildConfigurations = (
				3CDF7EEE1B21E1F30058F01F /* Debug */,
				3CDF7EEF1B21E1F30058F01F /* Release */,
			);
			defaultConfigurationIsVisible = 0;
			defaultConfigurationName = Release;
		};
		3CDF7EF01B21E1F30058F01F /* Build configuration list for PBXNativeTarget "PLChatViewController" */ = {
			isa = XCConfigurationList;
			buildConfigurations = (
				3CDF7EF11B21E1F30058F01F /* Debug */,
				3CDF7EF21B21E1F30058F01F /* Release */,
			);
			defaultConfigurationIsVisible = 0;
			defaultConfigurationName = Release;
		};
		3CDF7EF31B21E1F30058F01F /* Build configuration list for PBXNativeTarget "PLChatViewControllerTests" */ = {
			isa = XCConfigurationList;
			buildConfigurations = (
				3CDF7EF41B21E1F30058F01F /* Debug */,
				3CDF7EF51B21E1F30058F01F /* Release */,
			);
			defaultConfigurationIsVisible = 0;
			defaultConfigurationName = Release;
		};
/* End XCConfigurationList section */
	};
	rootObject = 3CDF7EC51B21E1F20058F01F /* Project object */;
}
